// !$*UTF8*$!
{
	archiveVersion = 1;
	classes = {
	};
	objectVersion = 55;
	objects = {

/* Begin PBXBuildFile section */
		FA032656287E4D3900BB9E53 /* LogInTestDelete.swift in Sources */ = {isa = PBXBuildFile; fileRef = FA032655287E4D3900BB9E53 /* LogInTestDelete.swift */; };
		FA0F2D2E2880608700FE6A8F /* ForUITests.swift in Sources */ = {isa = PBXBuildFile; fileRef = FA0F2D2D2880608700FE6A8F /* ForUITests.swift */; };
		FA1D0997288843CF00D0A109 /* BetterRest.swift in Sources */ = {isa = PBXBuildFile; fileRef = FA1D0996288843CF00D0A109 /* BetterRest.swift */; };
		FA1D099928885B6F00D0A109 /* SleepCalculator.mlmodel in Sources */ = {isa = PBXBuildFile; fileRef = FA1D099828885B6F00D0A109 /* SleepCalculator.mlmodel */; };
		FA5F67C1287B6566002A9928 /* GessTheFlag.swift in Sources */ = {isa = PBXBuildFile; fileRef = FA5F67C0287B6566002A9928 /* GessTheFlag.swift */; };
		FABF1266287867EB00C64E4B /* HackWithSwiftProjectsApp.swift in Sources */ = {isa = PBXBuildFile; fileRef = FABF1265287867EB00C64E4B /* HackWithSwiftProjectsApp.swift */; };
		FABF126A287867ED00C64E4B /* Assets.xcassets in Resources */ = {isa = PBXBuildFile; fileRef = FABF1269287867ED00C64E4B /* Assets.xcassets */; };
		FABF126D287867ED00C64E4B /* Preview Assets.xcassets in Resources */ = {isa = PBXBuildFile; fileRef = FABF126C287867ED00C64E4B /* Preview Assets.xcassets */; };
		FABF12752878845500C64E4B /* WeSplitBootCamp.swift in Sources */ = {isa = PBXBuildFile; fileRef = FABF12742878845500C64E4B /* WeSplitBootCamp.swift */; };
/* End PBXBuildFile section */

/* Begin PBXFileReference section */
		FA032655287E4D3900BB9E53 /* LogInTestDelete.swift */ = {isa = PBXFileReference; lastKnownFileType = sourcecode.swift; path = LogInTestDelete.swift; sourceTree = "<group>"; };
		FA0F2D2D2880608700FE6A8F /* ForUITests.swift */ = {isa = PBXFileReference; lastKnownFileType = sourcecode.swift; path = ForUITests.swift; sourceTree = "<group>"; };
		FA1D0996288843CF00D0A109 /* BetterRest.swift */ = {isa = PBXFileReference; lastKnownFileType = sourcecode.swift; path = BetterRest.swift; sourceTree = "<group>"; };
		FA1D099828885B6F00D0A109 /* SleepCalculator.mlmodel */ = {isa = PBXFileReference; lastKnownFileType = file.mlmodel; path = SleepCalculator.mlmodel; sourceTree = "<group>"; };
		FA5F67C0287B6566002A9928 /* GessTheFlag.swift */ = {isa = PBXFileReference; lastKnownFileType = sourcecode.swift; path = GessTheFlag.swift; sourceTree = "<group>"; };
		FABF1262287867EB00C64E4B /* HackWithSwiftProjects.app */ = {isa = PBXFileReference; explicitFileType = wrapper.application; includeInIndex = 0; path = HackWithSwiftProjects.app; sourceTree = BUILT_PRODUCTS_DIR; };
		FABF1265287867EB00C64E4B /* HackWithSwiftProjectsApp.swift */ = {isa = PBXFileReference; lastKnownFileType = sourcecode.swift; path = HackWithSwiftProjectsApp.swift; sourceTree = "<group>"; };
		FABF1269287867ED00C64E4B /* Assets.xcassets */ = {isa = PBXFileReference; lastKnownFileType = folder.assetcatalog; path = Assets.xcassets; sourceTree = "<group>"; };
		FABF126C287867ED00C64E4B /* Preview Assets.xcassets */ = {isa = PBXFileReference; lastKnownFileType = folder.assetcatalog; path = "Preview Assets.xcassets"; sourceTree = "<group>"; };
		FABF12742878845500C64E4B /* WeSplitBootCamp.swift */ = {isa = PBXFileReference; lastKnownFileType = sourcecode.swift; path = WeSplitBootCamp.swift; sourceTree = "<group>"; };
/* End PBXFileReference section */

/* Begin PBXFrameworksBuildPhase section */
		FABF125F287867EB00C64E4B /* Frameworks */ = {
			isa = PBXFrameworksBuildPhase;
			buildActionMask = 2147483647;
			files = (
			);
			runOnlyForDeploymentPostprocessing = 0;
		};
/* End PBXFrameworksBuildPhase section */

/* Begin PBXGroup section */
		FA1D09952888439C00D0A109 /* WakeUpApp */ = {
			isa = PBXGroup;
			children = (
				FA1D0996288843CF00D0A109 /* BetterRest.swift */,
				FA1D099828885B6F00D0A109 /* SleepCalculator.mlmodel */,
			);
			path = WakeUpApp;
			sourceTree = "<group>";
		};
		FA5F67BF287B3970002A9928 /* Gessing the flag */ = {
			isa = PBXGroup;
			children = (
				FA5F67C0287B6566002A9928 /* GessTheFlag.swift */,
				FA032655287E4D3900BB9E53 /* LogInTestDelete.swift */,
			);
			path = "Gessing the flag";
			sourceTree = "<group>";
		};
		FABF1259287867EB00C64E4B = {
			isa = PBXGroup;
			children = (
				FABF1264287867EB00C64E4B /* HackWithSwiftProjects */,
				FABF1263287867EB00C64E4B /* Products */,
			);
			sourceTree = "<group>";
		};
		FABF1263287867EB00C64E4B /* Products */ = {
			isa = PBXGroup;
			children = (
				FABF1262287867EB00C64E4B /* HackWithSwiftProjects.app */,
			);
			name = Products;
			sourceTree = "<group>";
		};
		FABF1264287867EB00C64E4B /* HackWithSwiftProjects */ = {
			isa = PBXGroup;
			children = (
				FA1D09952888439C00D0A109 /* WakeUpApp */,
				FABF1265287867EB00C64E4B /* HackWithSwiftProjectsApp.swift */,
				FA5F67BF287B3970002A9928 /* Gessing the flag */,
				FABF12732878834500C64E4B /* AppsHacking */,
				FABF1269287867ED00C64E4B /* Assets.xcassets */,
				FABF126B287867ED00C64E4B /* Preview Content */,
				FA0F2D2D2880608700FE6A8F /* ForUITests.swift */,
			);
			path = HackWithSwiftProjects;
			sourceTree = "<group>";
		};
		FABF126B287867ED00C64E4B /* Preview Content */ = {
			isa = PBXGroup;
			children = (
				FABF126C287867ED00C64E4B /* Preview Assets.xcassets */,
			);
			path = "Preview Content";
			sourceTree = "<group>";
		};
		FABF12732878834500C64E4B /* AppsHacking */ = {
			isa = PBXGroup;
			children = (
				FABF12742878845500C64E4B /* WeSplitBootCamp.swift */,
			);
			path = AppsHacking;
			sourceTree = "<group>";
		};
/* End PBXGroup section */

/* Begin PBXNativeTarget section */
		FABF1261287867EB00C64E4B /* HackWithSwiftProjects */ = {
			isa = PBXNativeTarget;
			buildConfigurationList = FABF1270287867ED00C64E4B /* Build configuration list for PBXNativeTarget "HackWithSwiftProjects" */;
			buildPhases = (
				FABF125E287867EB00C64E4B /* Sources */,
				FABF125F287867EB00C64E4B /* Frameworks */,
				FABF1260287867EB00C64E4B /* Resources */,
			);
			buildRules = (
			);
			dependencies = (
			);
			name = HackWithSwiftProjects;
			productName = HackWithSwiftProjects;
			productReference = FABF1262287867EB00C64E4B /* HackWithSwiftProjects.app */;
			productType = "com.apple.product-type.application";
		};
/* End PBXNativeTarget section */

/* Begin PBXProject section */
		FABF125A287867EB00C64E4B /* Project object */ = {
			isa = PBXProject;
			attributes = {
				BuildIndependentTargetsInParallel = 1;
				LastSwiftUpdateCheck = 1330;
				LastUpgradeCheck = 1330;
				TargetAttributes = {
					FABF1261287867EB00C64E4B = {
						CreatedOnToolsVersion = 13.3.1;
					};
				};
			};
			buildConfigurationList = FABF125D287867EB00C64E4B /* Build configuration list for PBXProject "HackWithSwiftProjects" */;
			compatibilityVersion = "Xcode 13.0";
			developmentRegion = en;
			hasScannedForEncodings = 0;
			knownRegions = (
				en,
				Base,
			);
			mainGroup = FABF1259287867EB00C64E4B;
			productRefGroup = FABF1263287867EB00C64E4B /* Products */;
			projectDirPath = "";
			projectRoot = "";
			targets = (
				FABF1261287867EB00C64E4B /* HackWithSwiftProjects */,
			);
		};
/* End PBXProject section */

/* Begin PBXResourcesBuildPhase section */
		FABF1260287867EB00C64E4B /* Resources */ = {
			isa = PBXResourcesBuildPhase;
			buildActionMask = 2147483647;
			files = (
				FABF126D287867ED00C64E4B /* Preview Assets.xcassets in Resources */,
				FABF126A287867ED00C64E4B /* Assets.xcassets in Resources */,
			);
			runOnlyForDeploymentPostprocessing = 0;
		};
/* End PBXResourcesBuildPhase section */

/* Begin PBXSourcesBuildPhase section */
		FABF125E287867EB00C64E4B /* Sources */ = {
			isa = PBXSourcesBuildPhase;
			buildActionMask = 2147483647;
			files = (
				FA1D099928885B6F00D0A109 /* SleepCalculator.mlmodel in Sources */,
				FA032656287E4D3900BB9E53 /* LogInTestDelete.swift in Sources */,
				FA1D0997288843CF00D0A109 /* BetterRest.swift in Sources */,
				FA0F2D2E2880608700FE6A8F /* ForUITests.swift in Sources */,
				FABF1266287867EB00C64E4B /* HackWithSwiftProjectsApp.swift in Sources */,
				FABF12752878845500C64E4B /* WeSplitBootCamp.swift in Sources */,
				FA5F67C1287B6566002A9928 /* GessTheFlag.swift in Sources */,
			);
			runOnlyForDeploymentPostprocessing = 0;
		};
/* End PBXSourcesBuildPhase section */

/* Begin XCBuildConfiguration section */
		FABF126E287867ED00C64E4B /* Debug */ = {
			isa = XCBuildConfiguration;
			buildSettings = {
				ALWAYS_SEARCH_USER_PATHS = NO;
				CLANG_ANALYZER_NONNULL = YES;
				CLANG_ANALYZER_NUMBER_OBJECT_CONVERSION = YES_AGGRESSIVE;
				CLANG_CXX_LANGUAGE_STANDARD = "gnu++17";
				CLANG_ENABLE_MODULES = YES;
				CLANG_ENABLE_OBJC_ARC = YES;
				CLANG_ENABLE_OBJC_WEAK = YES;
				CLANG_WARN_BLOCK_CAPTURE_AUTORELEASING = YES;
				CLANG_WARN_BOOL_CONVERSION = YES;
				CLANG_WARN_COMMA = YES;
				CLANG_WARN_CONSTANT_CONVERSION = YES;
				CLANG_WARN_DEPRECATED_OBJC_IMPLEMENTATIONS = YES;
				CLANG_WARN_DIRECT_OBJC_ISA_USAGE = YES_ERROR;
				CLANG_WARN_DOCUMENTATION_COMMENTS = YES;
				CLANG_WARN_EMPTY_BODY = YES;
				CLANG_WARN_ENUM_CONVERSION = YES;
				CLANG_WARN_INFINITE_RECURSION = YES;
				CLANG_WARN_INT_CONVERSION = YES;
				CLANG_WARN_NON_LITERAL_NULL_CONVERSION = YES;
				CLANG_WARN_OBJC_IMPLICIT_RETAIN_SELF = YES;
				CLANG_WARN_OBJC_LITERAL_CONVERSION = YES;
				CLANG_WARN_OBJC_ROOT_CLASS = YES_ERROR;
				CLANG_WARN_QUOTED_INCLUDE_IN_FRAMEWORK_HEADER = YES;
				CLANG_WARN_RANGE_LOOP_ANALYSIS = YES;
				CLANG_WARN_STRICT_PROTOTYPES = YES;
				CLANG_WARN_SUSPICIOUS_MOVE = YES;
				CLANG_WARN_UNGUARDED_AVAILABILITY = YES_AGGRESSIVE;
				CLANG_WARN_UNREACHABLE_CODE = YES;
				CLANG_WARN__DUPLICATE_METHOD_MATCH = YES;
				COPY_PHASE_STRIP = NO;
				DEBUG_INFORMATION_FORMAT = dwarf;
				ENABLE_STRICT_OBJC_MSGSEND = YES;
				ENABLE_TESTABILITY = YES;
				GCC_C_LANGUAGE_STANDARD = gnu11;
				GCC_DYNAMIC_NO_PIC = NO;
				GCC_NO_COMMON_BLOCKS = YES;
				GCC_OPTIMIZATION_LEVEL = 0;
				GCC_PREPROCESSOR_DEFINITIONS = (
					"DEBUG=1",
					"$(inherited)",
				);
				GCC_WARN_64_TO_32_BIT_CONVERSION = YES;
				GCC_WARN_ABOUT_RETURN_TYPE = YES_ERROR;
				GCC_WARN_UNDECLARED_SELECTOR = YES;
				GCC_WARN_UNINITIALIZED_AUTOS = YES_AGGRESSIVE;
				GCC_WARN_UNUSED_FUNCTION = YES;
				GCC_WARN_UNUSED_VARIABLE = YES;
				IPHONEOS_DEPLOYMENT_TARGET = 15.4;
				MTL_ENABLE_DEBUG_INFO = INCLUDE_SOURCE;
				MTL_FAST_MATH = YES;
				ONLY_ACTIVE_ARCH = YES;
				SDKROOT = iphoneos;
				SWIFT_ACTIVE_COMPILATION_CONDITIONS = DEBUG;
				SWIFT_OPTIMIZATION_LEVEL = "-Onone";
			};
			name = Debug;
		};
		FABF126F287867ED00C64E4B /* Release */ = {
			isa = XCBuildConfiguration;
			buildSettings = {
				ALWAYS_SEARCH_USER_PATHS = NO;
				CLANG_ANALYZER_NONNULL = YES;
				CLANG_ANALYZER_NUMBER_OBJECT_CONVERSION = YES_AGGRESSIVE;
				CLANG_CXX_LANGUAGE_STANDARD = "gnu++17";
				CLANG_ENABLE_MODULES = YES;
				CLANG_ENABLE_OBJC_ARC = YES;
				CLANG_ENABLE_OBJC_WEAK = YES;
				CLANG_WARN_BLOCK_CAPTURE_AUTORELEASING = YES;
				CLANG_WARN_BOOL_CONVERSION = YES;
				CLANG_WARN_COMMA = YES;
				CLANG_WARN_CONSTANT_CONVERSION = YES;
				CLANG_WARN_DEPRECATED_OBJC_IMPLEMENTATIONS = YES;
				CLANG_WARN_DIRECT_OBJC_ISA_USAGE = YES_ERROR;
				CLANG_WARN_DOCUMENTATION_COMMENTS = YES;
				CLANG_WARN_EMPTY_BODY = YES;
				CLANG_WARN_ENUM_CONVERSION = YES;
				CLANG_WARN_INFINITE_RECURSION = YES;
				CLANG_WARN_INT_CONVERSION = YES;
				CLANG_WARN_NON_LITERAL_NULL_CONVERSION = YES;
				CLANG_WARN_OBJC_IMPLICIT_RETAIN_SELF = YES;
				CLANG_WARN_OBJC_LITERAL_CONVERSION = YES;
				CLANG_WARN_OBJC_ROOT_CLASS = YES_ERROR;
				CLANG_WARN_QUOTED_INCLUDE_IN_FRAMEWORK_HEADER = YES;
				CLANG_WARN_RANGE_LOOP_ANALYSIS = YES;
				CLANG_WARN_STRICT_PROTOTYPES = YES;
				CLANG_WARN_SUSPICIOUS_MOVE = YES;
				CLANG_WARN_UNGUARDED_AVAILABILITY = YES_AGGRESSIVE;
				CLANG_WARN_UNREACHABLE_CODE = YES;
				CLANG_WARN__DUPLICATE_METHOD_MATCH = YES;
				COPY_PHASE_STRIP = NO;
				DEBUG_INFORMATION_FORMAT = "dwarf-with-dsym";
				ENABLE_NS_ASSERTIONS = NO;
				ENABLE_STRICT_OBJC_MSGSEND = YES;
				GCC_C_LANGUAGE_STANDARD = gnu11;
				GCC_NO_COMMON_BLOCKS = YES;
				GCC_WARN_64_TO_32_BIT_CONVERSION = YES;
				GCC_WARN_ABOUT_RETURN_TYPE = YES_ERROR;
				GCC_WARN_UNDECLARED_SELECTOR = YES;
				GCC_WARN_UNINITIALIZED_AUTOS = YES_AGGRESSIVE;
				GCC_WARN_UNUSED_FUNCTION = YES;
				GCC_WARN_UNUSED_VARIABLE = YES;
				IPHONEOS_DEPLOYMENT_TARGET = 15.4;
				MTL_ENABLE_DEBUG_INFO = NO;
				MTL_FAST_MATH = YES;
				SDKROOT = iphoneos;
				SWIFT_COMPILATION_MODE = wholemodule;
				SWIFT_OPTIMIZATION_LEVEL = "-O";
				VALIDATE_PRODUCT = YES;
			};
			name = Release;
		};
		FABF1271287867ED00C64E4B /* Debug */ = {
			isa = XCBuildConfiguration;
			buildSettings = {
				ASSETCATALOG_COMPILER_APPICON_NAME = AppIcon;
				ASSETCATALOG_COMPILER_GLOBAL_ACCENT_COLOR_NAME = AccentColor;
				CODE_SIGN_STYLE = Automatic;
				CURRENT_PROJECT_VERSION = 1;
				DEVELOPMENT_ASSET_PATHS = "\"HackWithSwiftProjects/Preview Content\"";
				DEVELOPMENT_TEAM = PR5P635P68;
				ENABLE_PREVIEWS = YES;
				GENERATE_INFOPLIST_FILE = YES;
				INFOPLIST_KEY_UIApplicationSceneManifest_Generation = YES;
				INFOPLIST_KEY_UIApplicationSupportsIndirectInputEvents = YES;
				INFOPLIST_KEY_UILaunchScreen_Generation = YES;
				INFOPLIST_KEY_UISupportedInterfaceOrientations_iPad = "UIInterfaceOrientationPortrait UIInterfaceOrientationPortraitUpsideDown UIInterfaceOrientationLandscapeLeft UIInterfaceOrientationLandscapeRight";
				INFOPLIST_KEY_UISupportedInterfaceOrientations_iPhone = "UIInterfaceOrientationPortrait UIInterfaceOrientationLandscapeLeft UIInterfaceOrientationLandscapeRight";
				LD_RUNPATH_SEARCH_PATHS = (
					"$(inherited)",
					"@executable_path/Frameworks",
				);
				MARKETING_VERSION = 1.0;
				PRODUCT_BUNDLE_IDENTIFIER = don.hardy.HackWithSwiftProjects;
				PRODUCT_NAME = "$(TARGET_NAME)";
				SWIFT_EMIT_LOC_STRINGS = YES;
				SWIFT_VERSION = 5.0;
				TARGETED_DEVICE_FAMILY = "1,2";
			};
			name = Debug;
		};
		FABF1272287867ED00C64E4B /* Release */ = {
			isa = XCBuildConfiguration;
			buildSettings = {
				ASSETCATALOG_COMPILER_APPICON_NAME = AppIcon;
				ASSETCATALOG_COMPILER_GLOBAL_ACCENT_COLOR_NAME = AccentColor;
				CODE_SIGN_STYLE = Automatic;
				CURRENT_PROJECT_VERSION = 1;
				DEVELOPMENT_ASSET_PATHS = "\"HackWithSwiftProjects/Preview Content\"";
				DEVELOPMENT_TEAM = PR5P635P68;
				ENABLE_PREVIEWS = YES;
				GENERATE_INFOPLIST_FILE = YES;
				INFOPLIST_KEY_UIApplicationSceneManifest_Generation = YES;
				INFOPLIST_KEY_UIApplicationSupportsIndirectInputEvents = YES;
				INFOPLIST_KEY_UILaunchScreen_Generation = YES;
				INFOPLIST_KEY_UISupportedInterfaceOrientations_iPad = "UIInterfaceOrientationPortrait UIInterfaceOrientationPortraitUpsideDown UIInterfaceOrientationLandscapeLeft UIInterfaceOrientationLandscapeRight";
				INFOPLIST_KEY_UISupportedInterfaceOrientations_iPhone = "UIInterfaceOrientationPortrait UIInterfaceOrientationLandscapeLeft UIInterfaceOrientationLandscapeRight";
				LD_RUNPATH_SEARCH_PATHS = (
					"$(inherited)",
					"@executable_path/Frameworks",
				);
				MARKETING_VERSION = 1.0;
				PRODUCT_BUNDLE_IDENTIFIER = don.hardy.HackWithSwiftProjects;
				PRODUCT_NAME = "$(TARGET_NAME)";
				SWIFT_EMIT_LOC_STRINGS = YES;
				SWIFT_VERSION = 5.0;
				TARGETED_DEVICE_FAMILY = "1,2";
			};
			name = Release;
		};
/* End XCBuildConfiguration section */

/* Begin XCConfigurationList section */
		FABF125D287867EB00C64E4B /* Build configuration list for PBXProject "HackWithSwiftProjects" */ = {
			isa = XCConfigurationList;
			buildConfigurations = (
				FABF126E287867ED00C64E4B /* Debug */,
				FABF126F287867ED00C64E4B /* Release */,
			);
			defaultConfigurationIsVisible = 0;
			defaultConfigurationName = Release;
		};
		FABF1270287867ED00C64E4B /* Build configuration list for PBXNativeTarget "HackWithSwiftProjects" */ = {
			isa = XCConfigurationList;
			buildConfigurations = (
				FABF1271287867ED00C64E4B /* Debug */,
				FABF1272287867ED00C64E4B /* Release */,
			);
			defaultConfigurationIsVisible = 0;
			defaultConfigurationName = Release;
		};
/* End XCConfigurationList section */
	};
	rootObject = FABF125A287867EB00C64E4B /* Project object */;
}
